
Microsoft Visual Studio Solution File, Format Version 12.00
# Visual Studio Version 17
VisualStudioVersion = 17.14.36310.24
MinimumVisualStudioVersion = 10.0.40219.1
Project("{888888A0-9F3D-457C-B088-3A5042F75D52}") = "GainOffset", "GainOffset\GainOffset.pyproj", "{222BC7C0-0AF7-4A3F-92A7-8AA36A8F216C}"
EndProject
Project("{2150E333-8FDC-42A3-9474-1A3956D46DE8}") = "[Document]", "[Document]", "{C8D5274F-AC00-46C7-1F8D-E88E81087A52}"
	ProjectSection(SolutionItems) = preProject
		Available Example.txt = Available Example.txt
	EndProjectSection
EndProject
Project("{2150E333-8FDC-42A3-9474-1A3956D46DE8}") = "Image Processing", "Image Processing", "{43A26D99-88FF-4496-9A97-A4BDFD9C96E2}"
EndProject
Project("{2150E333-8FDC-42A3-9474-1A3956D46DE8}") = "Adjustment", "Adjustment", "{26DDAD82-9E4F-4BEB-AC67-DE8C7978F005}"
EndProject
Project("{2150E333-8FDC-42A3-9474-1A3956D46DE8}") = "Gain Offset", "Gain Offset", "{C2E7B9F5-D463-4F2A-9812-B4F4E54A6E37}"
EndProject
Project("{2150E333-8FDC-42A3-9474-1A3956D46DE8}") = "Threshold", "Threshold", "{FC78522B-6CC5-4895-BF5F-BE256F260A01}"
EndProject
Project("{2150E333-8FDC-42A3-9474-1A3956D46DE8}") = "AbsoluteThreshold", "AbsoluteThreshold", "{25E4639C-3AC5-4BAB-8A9E-83DC7364C73B}"
EndProject
Project("{888888A0-9F3D-457C-B088-3A5042F75D52}") = "AbsoluteThreshold_Dual", "AbsoluteThreshold_Dual\AbsoluteThreshold_Dual.pyproj", "{01EDA75F-722F-43F9-B09D-EEF1B7118EEF}"
EndProject
Project("{2150E333-8FDC-42A3-9474-1A3956D46DE8}") = "3D", "3D", "{D47009F2-EEC1-474D-8DA5-E83F27AE7622}"
EndProject
Project("{2150E333-8FDC-42A3-9474-1A3956D46DE8}") = "Calibration", "Calibration", "{E4D28A35-EC11-40E4-A025-1AE8E09527A2}"
EndProject
Project("{2150E333-8FDC-42A3-9474-1A3956D46DE8}") = "Feature Extraction", "Feature Extraction", "{6A8EBDEC-1656-4BD2-B077-70083281C5D1}"
EndProject
Project("{2150E333-8FDC-42A3-9474-1A3956D46DE8}") = "Filter", "Filter", "{92C2395C-A753-48C3-BB80-B628503B9049}"
EndProject
Project("{2150E333-8FDC-42A3-9474-1A3956D46DE8}") = "Generator", "Generator", "{EAF838D2-3CE6-4185-927B-5CA0F07E48A5}"
EndProject
Project("{2150E333-8FDC-42A3-9474-1A3956D46DE8}") = "Match", "Match", "{D0DE8C89-36AF-4E94-BBB9-D1606287F414}"
EndProject
Project("{2150E333-8FDC-42A3-9474-1A3956D46DE8}") = "Reconstruction", "Reconstruction", "{ECFF483A-9E41-42AD-94A1-09F2D3E62F83}"
EndProject
Project("{2150E333-8FDC-42A3-9474-1A3956D46DE8}") = "Transform", "Transform", "{8C1B856A-E1FA-490B-A88E-092CA27F4F51}"
EndProject
Project("{2150E333-8FDC-42A3-9474-1A3956D46DE8}") = "Utilities", "Utilities", "{185B9BAD-D8C3-481B-BE2A-1F170F876A39}"
EndProject
Project("{2150E333-8FDC-42A3-9474-1A3956D46DE8}") = "Channel", "Channel", "{C7AE84F4-0805-49E9-8363-FD23EEC762CC}"
EndProject
Project("{2150E333-8FDC-42A3-9474-1A3956D46DE8}") = "Channel Max", "Channel Max", "{65397BC0-8BDB-441B-8AD7-4B036E5E4D2C}"
EndProject
Project("{888888A0-9F3D-457C-B088-3A5042F75D52}") = "ChannelMax", "ChannelMax\ChannelMax.pyproj", "{5B432CB0-F305-4357-904E-B589E25BF22F}"
EndProject
Project("{2150E333-8FDC-42A3-9474-1A3956D46DE8}") = "Channel Min", "Channel Min", "{CE17DF12-2978-4001-82A4-2960AA54DAFC}"
EndProject
Project("{888888A0-9F3D-457C-B088-3A5042F75D52}") = "ChannelMin", "ChannelMin\ChannelMin.pyproj", "{E461718C-4942-4BC6-AEB3-86DD8593AD0F}"
EndProject
Project("{2150E333-8FDC-42A3-9474-1A3956D46DE8}") = "Channel Mean", "Channel Mean", "{B1C270F8-FABA-4901-BD14-3D097882976B}"
EndProject
Project("{888888A0-9F3D-457C-B088-3A5042F75D52}") = "ChannelMean", "ChannelMean\ChannelMean.pyproj", "{8D86533F-BA33-497C-B414-D1E42A3F8B44}"
EndProject
Project("{2150E333-8FDC-42A3-9474-1A3956D46DE8}") = "Channel Stdev", "Channel Stdev", "{BA904BD8-2DAF-4B91-9493-9AFDD4370869}"
EndProject
Project("{888888A0-9F3D-457C-B088-3A5042F75D52}") = "ChannelStdev", "ChannelStdev\ChannelStdev.pyproj", "{DF58106C-E874-4C56-9E28-FAB361FCD602}"
EndProject
Project("{888888A0-9F3D-457C-B088-3A5042F75D52}") = "ChannelVariance", "ChannelVariance\ChannelVariance.pyproj", "{A731D804-3BF3-4D58-8E14-EA8374F3A0AB}"
EndProject
Project("{2150E333-8FDC-42A3-9474-1A3956D46DE8}") = "Channel Variance", "Channel Variance", "{92D08F41-F8AB-4169-8CAF-C33F940B597F}"
EndProject
Project("{2150E333-8FDC-42A3-9474-1A3956D46DE8}") = "GUI, Figures", "GUI, Figures", "{91B77137-8D2A-4262-BBC5-279ABBE0152F}"
EndProject
Project("{2150E333-8FDC-42A3-9474-1A3956D46DE8}") = "Figure", "Figure", "{1D3B36B0-5D06-49B2-B479-1CA13E276762}"
EndProject
Project("{888888A0-9F3D-457C-B088-3A5042F75D52}") = "RemoveFigureWithinRegion", "RemoveFigureWithinRegion\RemoveFigureWithinRegion.pyproj", "{5D4CA815-C314-438B-9C04-1877EDA8BF93}"
EndProject
Project("{888888A0-9F3D-457C-B088-3A5042F75D52}") = "GammaCorrection", "GammaCorrection\GammaCorrection.pyproj", "{28101259-F916-4B43-B565-465AB172A80F}"
EndProject
Project("{888888A0-9F3D-457C-B088-3A5042F75D52}") = "WhiteBalance", "WhiteBalance\WhiteBalance.pyproj", "{A35D1821-0D67-4702-B6C4-6FC97B2B4739}"
EndProject
Project("{888888A0-9F3D-457C-B088-3A5042F75D52}") = "ColorAdjustment", "ColorAdjustment\ColorAdjustment.pyproj", "{B4C5A2D2-1F5D-4DED-95EC-F08E67CCD726}"
EndProject
Project("{2150E333-8FDC-42A3-9474-1A3956D46DE8}") = "Utilities", "Utilities", "{048F9706-5594-4B8D-95DB-AAE867AC04D0}"
EndProject
Project("{2150E333-8FDC-42A3-9474-1A3956D46DE8}") = "Generator", "Generator", "{949FFFA4-06D4-47FD-BC12-85CDA35AEF70}"
EndProject
Project("{888888A0-9F3D-457C-B088-3A5042F75D52}") = "NoiseGenerator_Gaussian", "NoiseGenerator_Gaussian\NoiseGenerator_Gaussian.pyproj", "{5C0DFDAB-ACAE-4F36-972A-E3857D9CE7CB}"
EndProject
Project("{2150E333-8FDC-42A3-9474-1A3956D46DE8}") = "Image Operation", "Image Operation", "{DF146A85-CD97-4DBB-B9EB-71F83BA2B7EB}"
EndProject
Project("{2150E333-8FDC-42A3-9474-1A3956D46DE8}") = "Signed Square Difference", "Signed Square Difference", "{840A9ECF-900E-4349-B853-1EA1C854A04D}"
EndProject
Project("{888888A0-9F3D-457C-B088-3A5042F75D52}") = "OperationSignedSquareDifference_Scalar", "OperationSignedSquareDifference_Scalar\OperationSignedSquareDifference_Scalar.pyproj", "{F37225DA-2418-4231-BC75-5D229AB0595D}"
EndProject
Project("{888888A0-9F3D-457C-B088-3A5042F75D52}") = "OperationSignedSquareDifference_Image", "OperationSignedSquareDifference_Image\OperationSignedSquareDifference_Image.pyproj", "{984043C0-5138-4826-8BC9-9FF5DE89EB59}"
EndProject
Project("{2150E333-8FDC-42A3-9474-1A3956D46DE8}") = "Complex", "Complex", "{02EA681E-C7D8-13C7-8484-4AC65E1B71E8}"
EndProject
Project("{2150E333-8FDC-42A3-9474-1A3956D46DE8}") = "Complex Multiply", "Complex Multiply", "{2D442968-6549-4129-BF90-FD5AD12D95C2}"
EndProject
Project("{2150E333-8FDC-42A3-9474-1A3956D46DE8}") = "Bit", "Bit", "{A2A1365F-5A7F-4E4C-9E67-149059D0EDC5}"
EndProject
Project("{2150E333-8FDC-42A3-9474-1A3956D46DE8}") = "Trailing Ones", "Trailing Ones", "{49D82E96-9AA1-43AD-ADF8-9A19B25F85B5}"
EndProject
Project("{2150E333-8FDC-42A3-9474-1A3956D46DE8}") = "Scaled Divide", "Scaled Divide", "{65C1F844-B258-4D8E-B6EB-FEDE8B531D6E}"
EndProject
Project("{888888A0-9F3D-457C-B088-3A5042F75D52}") = "OperationScaledDivide_Image", "OperationScaledDivide_Image\OperationScaledDivide_Image.pyproj", "{35715D4F-4494-4CDF-AF79-43ECA56658F3}"
EndProject
Project("{888888A0-9F3D-457C-B088-3A5042F75D52}") = "OperationScaledDivide_Scalar", "OperationScaledDivide_Scalar\OperationScaledDivide_Scalar.pyproj", "{4B151B46-A6C8-4854-80E5-3471DCB71B77}"
EndProject
Project("{888888A0-9F3D-457C-B088-3A5042F75D52}") = "OperationComplexMultiply_Scalar", "OperationComplexMultiply_Scalar\OperationComplexMultiply_Scalar.pyproj", "{8927A24F-9EA4-412F-8DAF-B31EAA644E09}"
EndProject
Project("{888888A0-9F3D-457C-B088-3A5042F75D52}") = "OperationComplexMultiply_Image", "OperationComplexMultiply_Image\OperationComplexMultiply_Image.pyproj", "{31EC9756-40A8-4CC4-84FF-9E1EEADA5BA1}"
EndProject
Project("{888888A0-9F3D-457C-B088-3A5042F75D52}") = "OperationTrailingOnes", "OperationTrailingOnes\OperationTrailingOnes.pyproj", "{E6D3C40B-F099-4EB4-A13D-CD9EC2F415AE}"
EndProject
Project("{2150E333-8FDC-42A3-9474-1A3956D46DE8}") = "Channel Swap", "Channel Swap", "{F16712FA-649D-4876-ADAC-358B0C713779}"
EndProject
Project("{888888A0-9F3D-457C-B088-3A5042F75D52}") = "ChannelSwap", "ChannelSwap\ChannelSwap.pyproj", "{07BAA9BD-6C80-45C6-874D-8E0BF2A7BE47}"
EndProject
Project("{2150E333-8FDC-42A3-9474-1A3956D46DE8}") = "Transform", "Transform", "{C6AFAF20-6BBB-41AA-8958-5D0515A1E3BC}"
EndProject
Project("{2150E333-8FDC-42A3-9474-1A3956D46DE8}") = "Census Transform", "Census Transform", "{4969907E-73EA-43A7-97C0-C35FA2E0DB17}"
EndProject
Project("{888888A0-9F3D-457C-B088-3A5042F75D52}") = "CensusTransform", "CensusTransform\CensusTransform.pyproj", "{AE0B8BA9-7A3B-431C-A86E-31285650021D}"
EndProject
Project("{2150E333-8FDC-42A3-9474-1A3956D46DE8}") = "Offset Gain", "Offset Gain", "{C8AE9552-72D0-4B46-8B9C-EFEECB97A581}"
EndProject
Project("{888888A0-9F3D-457C-B088-3A5042F75D52}") = "OffsetGain", "OffsetGain\OffsetGain.pyproj", "{EE316FD8-A762-4DF2-8CE2-C70F6BD00799}"
EndProject
Project("{2150E333-8FDC-42A3-9474-1A3956D46DE8}") = "Contrast", "Contrast", "{97969CA5-FE20-406A-8723-4AF9D9F1E191}"
EndProject
Project("{888888A0-9F3D-457C-B088-3A5042F75D52}") = "Contrast", "Contrast\Contrast.pyproj", "{843AB53D-3DF3-4C69-B5AD-DB66853C5B68}"
EndProject
Project("{2150E333-8FDC-42A3-9474-1A3956D46DE8}") = "Multi Focus Derivative Based 3D", "Multi Focus Derivative Based 3D", "{8E08FA34-8502-4D2F-AE9A-F14B67CAD89B}"
EndProject
Project("{888888A0-9F3D-457C-B088-3A5042F75D52}") = "MultiFocusDerivativeBased3D", "MultiFocusDerivativeBased3D\MultiFocusDerivativeBased3D.pyproj", "{9C17CBF9-FE95-4143-9363-330D685ABE2D}"
EndProject
Project("{2150E333-8FDC-42A3-9474-1A3956D46DE8}") = "Stationary Cone Beam Translate CT 3D", "Stationary Cone Beam Translate CT 3D", "{1C199DCB-71FC-4563-9FF9-4BE4F3FE8006}"
EndProject
Project("{2150E333-8FDC-42A3-9474-1A3956D46DE8}") = "Greater", "Greater", "{253F87A5-956A-4BFD-B997-FFDA64F76BB5}"
EndProject
Project("{2150E333-8FDC-42A3-9474-1A3956D46DE8}") = "Lesser", "Lesser", "{8E550A3E-1735-4425-BEF7-F6D3B256EBDB}"
EndProject
Project("{888888A0-9F3D-457C-B088-3A5042F75D52}") = "OperationGreater_Image", "OperationGreater_Image\OperationGreater_Image.pyproj", "{129D0444-5419-4610-B7DB-C4A16DBA25F2}"
EndProject
Project("{888888A0-9F3D-457C-B088-3A5042F75D52}") = "OperationGreater_Scalar", "OperationGreater_Scalar\OperationGreater_Scalar.pyproj", "{78CEEAD6-8CA7-47F8-BDE5-6521D59B926A}"
EndProject
Project("{888888A0-9F3D-457C-B088-3A5042F75D52}") = "OperationLesser_Image", "OperationLesser_Image\OperationLesser_Image.pyproj", "{3E32270A-75A0-4187-BB35-3C7D453C90D2}"
EndProject
Project("{888888A0-9F3D-457C-B088-3A5042F75D52}") = "OperationLesser_Scalar", "OperationLesser_Scalar\OperationLesser_Scalar.pyproj", "{A2860205-CB07-4EE4-8AF3-B3D1152EAC02}"
EndProject
Project("{2150E333-8FDC-42A3-9474-1A3956D46DE8}") = "Multi Focus MAP Based 3D", "Multi Focus MAP Based 3D", "{59FFC05E-61CB-4F6A-8939-F5E20761E87D}"
EndProject
Project("{888888A0-9F3D-457C-B088-3A5042F75D52}") = "MultiFocusMAPBased3D", "MultiFocusMAPBased3D\MultiFocusMAPBased3D.pyproj", "{C68A6328-7AAB-4C8F-B076-9BF0E243BB61}"
EndProject
Project("{888888A0-9F3D-457C-B088-3A5042F75D52}") = "StationaryConeBeamTranslateCT3D", "StationaryConeBeamTranslateCT3D\StationaryConeBeamTranslateCT3D.pyproj", "{BA8EB3C5-D56A-4F9E-8E20-3F2B700BB3F0}"
EndProject
Project("{888888A0-9F3D-457C-B088-3A5042F75D52}") = "ConvexHull3D", "ConvexHull3D\ConvexHull3D.pyproj", "{D4555740-6BD1-4B79-814E-F6E678E1CA10}"
EndProject
Project("{888888A0-9F3D-457C-B088-3A5042F75D52}") = "PointCloudGenerator3D", "PointCloudGenerator3D\PointCloudGenerator3D.pyproj", "{DE493640-D03B-4061-A3FC-C4B7DDEAEE2E}"
EndProject
Project("{888888A0-9F3D-457C-B088-3A5042F75D52}") = "CoordinateFrameUnification3D", "CoordinateFrameUnification3D\CoordinateFrameUnification3D.pyproj", "{5F43D041-8CF3-4004-9462-BA35BFE8A83B}"
EndProject
Global
	GlobalSection(SolutionConfigurationPlatforms) = preSolution
		Debug|Any CPU = Debug|Any CPU
		Release|Any CPU = Release|Any CPU
	EndGlobalSection
	GlobalSection(ProjectConfigurationPlatforms) = postSolution
		{222BC7C0-0AF7-4A3F-92A7-8AA36A8F216C}.Debug|Any CPU.ActiveCfg = Debug|Any CPU
		{222BC7C0-0AF7-4A3F-92A7-8AA36A8F216C}.Release|Any CPU.ActiveCfg = Release|Any CPU
		{01EDA75F-722F-43F9-B09D-EEF1B7118EEF}.Debug|Any CPU.ActiveCfg = Debug|Any CPU
		{01EDA75F-722F-43F9-B09D-EEF1B7118EEF}.Release|Any CPU.ActiveCfg = Release|Any CPU
		{5B432CB0-F305-4357-904E-B589E25BF22F}.Debug|Any CPU.ActiveCfg = Debug|Any CPU
		{5B432CB0-F305-4357-904E-B589E25BF22F}.Release|Any CPU.ActiveCfg = Release|Any CPU
		{E461718C-4942-4BC6-AEB3-86DD8593AD0F}.Debug|Any CPU.ActiveCfg = Debug|Any CPU
		{E461718C-4942-4BC6-AEB3-86DD8593AD0F}.Release|Any CPU.ActiveCfg = Release|Any CPU
		{8D86533F-BA33-497C-B414-D1E42A3F8B44}.Debug|Any CPU.ActiveCfg = Debug|Any CPU
		{8D86533F-BA33-497C-B414-D1E42A3F8B44}.Release|Any CPU.ActiveCfg = Release|Any CPU
		{DF58106C-E874-4C56-9E28-FAB361FCD602}.Debug|Any CPU.ActiveCfg = Debug|Any CPU
		{DF58106C-E874-4C56-9E28-FAB361FCD602}.Release|Any CPU.ActiveCfg = Release|Any CPU
		{A731D804-3BF3-4D58-8E14-EA8374F3A0AB}.Debug|Any CPU.ActiveCfg = Debug|Any CPU
		{A731D804-3BF3-4D58-8E14-EA8374F3A0AB}.Release|Any CPU.ActiveCfg = Release|Any CPU
		{5D4CA815-C314-438B-9C04-1877EDA8BF93}.Debug|Any CPU.ActiveCfg = Debug|Any CPU
		{5D4CA815-C314-438B-9C04-1877EDA8BF93}.Release|Any CPU.ActiveCfg = Release|Any CPU
		{28101259-F916-4B43-B565-465AB172A80F}.Debug|Any CPU.ActiveCfg = Debug|Any CPU
		{28101259-F916-4B43-B565-465AB172A80F}.Release|Any CPU.ActiveCfg = Release|Any CPU
		{A35D1821-0D67-4702-B6C4-6FC97B2B4739}.Debug|Any CPU.ActiveCfg = Debug|Any CPU
		{A35D1821-0D67-4702-B6C4-6FC97B2B4739}.Release|Any CPU.ActiveCfg = Release|Any CPU
		{B4C5A2D2-1F5D-4DED-95EC-F08E67CCD726}.Debug|Any CPU.ActiveCfg = Debug|Any CPU
		{B4C5A2D2-1F5D-4DED-95EC-F08E67CCD726}.Release|Any CPU.ActiveCfg = Release|Any CPU
		{5C0DFDAB-ACAE-4F36-972A-E3857D9CE7CB}.Debug|Any CPU.ActiveCfg = Debug|Any CPU
		{5C0DFDAB-ACAE-4F36-972A-E3857D9CE7CB}.Release|Any CPU.ActiveCfg = Release|Any CPU
		{D4555740-6BD1-4B79-814E-F6E678E1CA10}.Debug|Any CPU.ActiveCfg = Debug|Any CPU
		{D4555740-6BD1-4B79-814E-F6E678E1CA10}.Release|Any CPU.ActiveCfg = Release|Any CPU
		{F37225DA-2418-4231-BC75-5D229AB0595D}.Debug|Any CPU.ActiveCfg = Debug|Any CPU
		{F37225DA-2418-4231-BC75-5D229AB0595D}.Release|Any CPU.ActiveCfg = Release|Any CPU
		{984043C0-5138-4826-8BC9-9FF5DE89EB59}.Debug|Any CPU.ActiveCfg = Debug|Any CPU
		{984043C0-5138-4826-8BC9-9FF5DE89EB59}.Release|Any CPU.ActiveCfg = Release|Any CPU
		{35715D4F-4494-4CDF-AF79-43ECA56658F3}.Debug|Any CPU.ActiveCfg = Debug|Any CPU
		{35715D4F-4494-4CDF-AF79-43ECA56658F3}.Release|Any CPU.ActiveCfg = Release|Any CPU
		{4B151B46-A6C8-4854-80E5-3471DCB71B77}.Debug|Any CPU.ActiveCfg = Debug|Any CPU
		{4B151B46-A6C8-4854-80E5-3471DCB71B77}.Release|Any CPU.ActiveCfg = Release|Any CPU
		{8927A24F-9EA4-412F-8DAF-B31EAA644E09}.Debug|Any CPU.ActiveCfg = Debug|Any CPU
		{8927A24F-9EA4-412F-8DAF-B31EAA644E09}.Release|Any CPU.ActiveCfg = Release|Any CPU
		{31EC9756-40A8-4CC4-84FF-9E1EEADA5BA1}.Debug|Any CPU.ActiveCfg = Debug|Any CPU
		{31EC9756-40A8-4CC4-84FF-9E1EEADA5BA1}.Release|Any CPU.ActiveCfg = Release|Any CPU
		{E6D3C40B-F099-4EB4-A13D-CD9EC2F415AE}.Debug|Any CPU.ActiveCfg = Debug|Any CPU
		{E6D3C40B-F099-4EB4-A13D-CD9EC2F415AE}.Release|Any CPU.ActiveCfg = Release|Any CPU
		{07BAA9BD-6C80-45C6-874D-8E0BF2A7BE47}.Debug|Any CPU.ActiveCfg = Debug|Any CPU
		{07BAA9BD-6C80-45C6-874D-8E0BF2A7BE47}.Release|Any CPU.ActiveCfg = Release|Any CPU
		{AE0B8BA9-7A3B-431C-A86E-31285650021D}.Debug|Any CPU.ActiveCfg = Debug|Any CPU
		{AE0B8BA9-7A3B-431C-A86E-31285650021D}.Release|Any CPU.ActiveCfg = Release|Any CPU
		{EE316FD8-A762-4DF2-8CE2-C70F6BD00799}.Debug|Any CPU.ActiveCfg = Debug|Any CPU
		{EE316FD8-A762-4DF2-8CE2-C70F6BD00799}.Release|Any CPU.ActiveCfg = Release|Any CPU
		{843AB53D-3DF3-4C69-B5AD-DB66853C5B68}.Debug|Any CPU.ActiveCfg = Debug|Any CPU
		{843AB53D-3DF3-4C69-B5AD-DB66853C5B68}.Release|Any CPU.ActiveCfg = Release|Any CPU
		{9C17CBF9-FE95-4143-9363-330D685ABE2D}.Debug|Any CPU.ActiveCfg = Debug|Any CPU
		{9C17CBF9-FE95-4143-9363-330D685ABE2D}.Release|Any CPU.ActiveCfg = Release|Any CPU
		{129D0444-5419-4610-B7DB-C4A16DBA25F2}.Debug|Any CPU.ActiveCfg = Debug|Any CPU
		{129D0444-5419-4610-B7DB-C4A16DBA25F2}.Release|Any CPU.ActiveCfg = Release|Any CPU
		{78CEEAD6-8CA7-47F8-BDE5-6521D59B926A}.Debug|Any CPU.ActiveCfg = Debug|Any CPU
		{78CEEAD6-8CA7-47F8-BDE5-6521D59B926A}.Release|Any CPU.ActiveCfg = Release|Any CPU
		{3E32270A-75A0-4187-BB35-3C7D453C90D2}.Debug|Any CPU.ActiveCfg = Debug|Any CPU
		{3E32270A-75A0-4187-BB35-3C7D453C90D2}.Release|Any CPU.ActiveCfg = Release|Any CPU
		{A2860205-CB07-4EE4-8AF3-B3D1152EAC02}.Debug|Any CPU.ActiveCfg = Debug|Any CPU
		{A2860205-CB07-4EE4-8AF3-B3D1152EAC02}.Release|Any CPU.ActiveCfg = Release|Any CPU
		{C68A6328-7AAB-4C8F-B076-9BF0E243BB61}.Debug|Any CPU.ActiveCfg = Debug|Any CPU
		{C68A6328-7AAB-4C8F-B076-9BF0E243BB61}.Release|Any CPU.ActiveCfg = Release|Any CPU
		{D4555740-6BD1-4B79-814E-F6E678E1CA10}.Debug|Any CPU.ActiveCfg = Debug|Any CPU
		{D4555740-6BD1-4B79-814E-F6E678E1CA10}.Release|Any CPU.ActiveCfg = Release|Any CPU
		{DE493640-D03B-4061-A3FC-C4B7DDEAEE2E}.Debug|Any CPU.ActiveCfg = Debug|Any CPU
		{DE493640-D03B-4061-A3FC-C4B7DDEAEE2E}.Release|Any CPU.ActiveCfg = Release|Any CPU
		{5F43D041-8CF3-4004-9462-BA35BFE8A83B}.Debug|Any CPU.ActiveCfg = Debug|Any CPU
		{5F43D041-8CF3-4004-9462-BA35BFE8A83B}.Release|Any CPU.ActiveCfg = Release|Any CPU
		{BA8EB3C5-D56A-4F9E-8E20-3F2B700BB3F0}.Debug|Any CPU.ActiveCfg = Debug|Any CPU
		{BA8EB3C5-D56A-4F9E-8E20-3F2B700BB3F0}.Release|Any CPU.ActiveCfg = Release|Any CPU
	EndGlobalSection
	GlobalSection(SolutionProperties) = preSolution
		HideSolutionNode = FALSE
	EndGlobalSection
	GlobalSection(NestedProjects) = preSolution
		{222BC7C0-0AF7-4A3F-92A7-8AA36A8F216C} = {C2E7B9F5-D463-4F2A-9812-B4F4E54A6E37}
		{26DDAD82-9E4F-4BEB-AC67-DE8C7978F005} = {43A26D99-88FF-4496-9A97-A4BDFD9C96E2}
		{C2E7B9F5-D463-4F2A-9812-B4F4E54A6E37} = {26DDAD82-9E4F-4BEB-AC67-DE8C7978F005}
		{FC78522B-6CC5-4895-BF5F-BE256F260A01} = {43A26D99-88FF-4496-9A97-A4BDFD9C96E2}
		{25E4639C-3AC5-4BAB-8A9E-83DC7364C73B} = {FC78522B-6CC5-4895-BF5F-BE256F260A01}
		{01EDA75F-722F-43F9-B09D-EEF1B7118EEF} = {25E4639C-3AC5-4BAB-8A9E-83DC7364C73B}
		{E4D28A35-EC11-40E4-A025-1AE8E09527A2} = {D47009F2-EEC1-474D-8DA5-E83F27AE7622}
		{6A8EBDEC-1656-4BD2-B077-70083281C5D1} = {D47009F2-EEC1-474D-8DA5-E83F27AE7622}
		{92C2395C-A753-48C3-BB80-B628503B9049} = {D47009F2-EEC1-474D-8DA5-E83F27AE7622}
		{EAF838D2-3CE6-4185-927B-5CA0F07E48A5} = {D47009F2-EEC1-474D-8DA5-E83F27AE7622}
		{D0DE8C89-36AF-4E94-BBB9-D1606287F414} = {D47009F2-EEC1-474D-8DA5-E83F27AE7622}
		{ECFF483A-9E41-42AD-94A1-09F2D3E62F83} = {D47009F2-EEC1-474D-8DA5-E83F27AE7622}
		{8C1B856A-E1FA-490B-A88E-092CA27F4F51} = {D47009F2-EEC1-474D-8DA5-E83F27AE7622}
		{185B9BAD-D8C3-481B-BE2A-1F170F876A39} = {D47009F2-EEC1-474D-8DA5-E83F27AE7622}
		{C7AE84F4-0805-49E9-8363-FD23EEC762CC} = {43A26D99-88FF-4496-9A97-A4BDFD9C96E2}
		{65397BC0-8BDB-441B-8AD7-4B036E5E4D2C} = {C7AE84F4-0805-49E9-8363-FD23EEC762CC}
		{5B432CB0-F305-4357-904E-B589E25BF22F} = {65397BC0-8BDB-441B-8AD7-4B036E5E4D2C}
		{CE17DF12-2978-4001-82A4-2960AA54DAFC} = {C7AE84F4-0805-49E9-8363-FD23EEC762CC}
		{E461718C-4942-4BC6-AEB3-86DD8593AD0F} = {CE17DF12-2978-4001-82A4-2960AA54DAFC}
		{B1C270F8-FABA-4901-BD14-3D097882976B} = {C7AE84F4-0805-49E9-8363-FD23EEC762CC}
		{8D86533F-BA33-497C-B414-D1E42A3F8B44} = {B1C270F8-FABA-4901-BD14-3D097882976B}
		{BA904BD8-2DAF-4B91-9493-9AFDD4370869} = {C7AE84F4-0805-49E9-8363-FD23EEC762CC}
		{DF58106C-E874-4C56-9E28-FAB361FCD602} = {BA904BD8-2DAF-4B91-9493-9AFDD4370869}
		{A731D804-3BF3-4D58-8E14-EA8374F3A0AB} = {92D08F41-F8AB-4169-8CAF-C33F940B597F}
		{92D08F41-F8AB-4169-8CAF-C33F940B597F} = {C7AE84F4-0805-49E9-8363-FD23EEC762CC}
		{1D3B36B0-5D06-49B2-B479-1CA13E276762} = {91B77137-8D2A-4262-BBC5-279ABBE0152F}
		{5D4CA815-C314-438B-9C04-1877EDA8BF93} = {1D3B36B0-5D06-49B2-B479-1CA13E276762}
		{28101259-F916-4B43-B565-465AB172A80F} = {26DDAD82-9E4F-4BEB-AC67-DE8C7978F005}
		{A35D1821-0D67-4702-B6C4-6FC97B2B4739} = {26DDAD82-9E4F-4BEB-AC67-DE8C7978F005}
		{B4C5A2D2-1F5D-4DED-95EC-F08E67CCD726} = {26DDAD82-9E4F-4BEB-AC67-DE8C7978F005}
		{048F9706-5594-4B8D-95DB-AAE867AC04D0} = {43A26D99-88FF-4496-9A97-A4BDFD9C96E2}
		{949FFFA4-06D4-47FD-BC12-85CDA35AEF70} = {048F9706-5594-4B8D-95DB-AAE867AC04D0}
		{5C0DFDAB-ACAE-4F36-972A-E3857D9CE7CB} = {949FFFA4-06D4-47FD-BC12-85CDA35AEF70}
		{DF146A85-CD97-4DBB-B9EB-71F83BA2B7EB} = {43A26D99-88FF-4496-9A97-A4BDFD9C96E2}
		{840A9ECF-900E-4349-B853-1EA1C854A04D} = {DF146A85-CD97-4DBB-B9EB-71F83BA2B7EB}
		{F37225DA-2418-4231-BC75-5D229AB0595D} = {840A9ECF-900E-4349-B853-1EA1C854A04D}
		{984043C0-5138-4826-8BC9-9FF5DE89EB59} = {840A9ECF-900E-4349-B853-1EA1C854A04D}
		{02EA681E-C7D8-13C7-8484-4AC65E1B71E8} = {DF146A85-CD97-4DBB-B9EB-71F83BA2B7EB}
		{2D442968-6549-4129-BF90-FD5AD12D95C2} = {02EA681E-C7D8-13C7-8484-4AC65E1B71E8}
		{A2A1365F-5A7F-4E4C-9E67-149059D0EDC5} = {DF146A85-CD97-4DBB-B9EB-71F83BA2B7EB}
		{49D82E96-9AA1-43AD-ADF8-9A19B25F85B5} = {A2A1365F-5A7F-4E4C-9E67-149059D0EDC5}
		{65C1F844-B258-4D8E-B6EB-FEDE8B531D6E} = {DF146A85-CD97-4DBB-B9EB-71F83BA2B7EB}
		{35715D4F-4494-4CDF-AF79-43ECA56658F3} = {65C1F844-B258-4D8E-B6EB-FEDE8B531D6E}
		{4B151B46-A6C8-4854-80E5-3471DCB71B77} = {65C1F844-B258-4D8E-B6EB-FEDE8B531D6E}
		{8927A24F-9EA4-412F-8DAF-B31EAA644E09} = {2D442968-6549-4129-BF90-FD5AD12D95C2}
		{31EC9756-40A8-4CC4-84FF-9E1EEADA5BA1} = {2D442968-6549-4129-BF90-FD5AD12D95C2}
		{E6D3C40B-F099-4EB4-A13D-CD9EC2F415AE} = {49D82E96-9AA1-43AD-ADF8-9A19B25F85B5}
		{F16712FA-649D-4876-ADAC-358B0C713779} = {C7AE84F4-0805-49E9-8363-FD23EEC762CC}
		{07BAA9BD-6C80-45C6-874D-8E0BF2A7BE47} = {F16712FA-649D-4876-ADAC-358B0C713779}
		{C6AFAF20-6BBB-41AA-8958-5D0515A1E3BC} = {43A26D99-88FF-4496-9A97-A4BDFD9C96E2}
		{4969907E-73EA-43A7-97C0-C35FA2E0DB17} = {C6AFAF20-6BBB-41AA-8958-5D0515A1E3BC}
		{AE0B8BA9-7A3B-431C-A86E-31285650021D} = {4969907E-73EA-43A7-97C0-C35FA2E0DB17}
		{C8AE9552-72D0-4B46-8B9C-EFEECB97A581} = {26DDAD82-9E4F-4BEB-AC67-DE8C7978F005}
		{EE316FD8-A762-4DF2-8CE2-C70F6BD00799} = {C8AE9552-72D0-4B46-8B9C-EFEECB97A581}
		{97969CA5-FE20-406A-8723-4AF9D9F1E191} = {26DDAD82-9E4F-4BEB-AC67-DE8C7978F005}
		{843AB53D-3DF3-4C69-B5AD-DB66853C5B68} = {97969CA5-FE20-406A-8723-4AF9D9F1E191}
		{8E08FA34-8502-4D2F-AE9A-F14B67CAD89B} = {ECFF483A-9E41-42AD-94A1-09F2D3E62F83}
		{9C17CBF9-FE95-4143-9363-330D685ABE2D} = {8E08FA34-8502-4D2F-AE9A-F14B67CAD89B}
		{1C199DCB-71FC-4563-9FF9-4BE4F3FE8006} = {ECFF483A-9E41-42AD-94A1-09F2D3E62F83}
		{253F87A5-956A-4BFD-B997-FFDA64F76BB5} = {DF146A85-CD97-4DBB-B9EB-71F83BA2B7EB}
		{8E550A3E-1735-4425-BEF7-F6D3B256EBDB} = {DF146A85-CD97-4DBB-B9EB-71F83BA2B7EB}
		{129D0444-5419-4610-B7DB-C4A16DBA25F2} = {253F87A5-956A-4BFD-B997-FFDA64F76BB5}
		{78CEEAD6-8CA7-47F8-BDE5-6521D59B926A} = {253F87A5-956A-4BFD-B997-FFDA64F76BB5}
		{3E32270A-75A0-4187-BB35-3C7D453C90D2} = {8E550A3E-1735-4425-BEF7-F6D3B256EBDB}
		{A2860205-CB07-4EE4-8AF3-B3D1152EAC02} = {8E550A3E-1735-4425-BEF7-F6D3B256EBDB}
		{59FFC05E-61CB-4F6A-8939-F5E20761E87D} = {ECFF483A-9E41-42AD-94A1-09F2D3E62F83}
		{C68A6328-7AAB-4C8F-B076-9BF0E243BB61} = {59FFC05E-61CB-4F6A-8939-F5E20761E87D}
		{BA8EB3C5-D56A-4F9E-8E20-3F2B700BB3F0} = {1C199DCB-71FC-4563-9FF9-4BE4F3FE8006}
		{D4555740-6BD1-4B79-814E-F6E678E1CA10} = {6A8EBDEC-1656-4BD2-B077-70083281C5D1}
		{DE493640-D03B-4061-A3FC-C4B7DDEAEE2E} = {EAF838D2-3CE6-4185-927B-5CA0F07E48A5}
		{5F43D041-8CF3-4004-9462-BA35BFE8A83B} = {E4D28A35-EC11-40E4-A025-1AE8E09527A2}
	EndGlobalSection
	GlobalSection(ExtensibilityGlobals) = postSolution
		SolutionGuid = {651A75F6-8096-461D-AB28-CFF961932117}
	EndGlobalSection
EndGlobal
